
Microsoft Visual Studio Solution File, Format Version 12.00
# Visual Studio Version 16
VisualStudioVersion = 16.0.30320.27
MinimumVisualStudioVersion = 10.0.40219.1
Project("{FAE04EC0-301F-11D3-BF4B-00C04F79EFBC}") = "NoSense", "NoSense\NoSense.csproj", "{A6437F06-6295-403A-84B5-FE537585CAE0}"
EndProject
Project("{FAE04EC0-301F-11D3-BF4B-00C04F79EFBC}") = "NoSenseLibrary", "NoSenseLibrary\NoSenseLibrary.csproj", "{B0DEC5A5-F1E7-4D91-A90E-E3F372106374}"
EndProject
Global
	GlobalSection(SolutionConfigurationPlatforms) = preSolution
		Debug|Any CPU = Debug|Any CPU
		Release|Any CPU = Release|Any CPU
	EndGlobalSection
	GlobalSection(ProjectConfigurationPlatforms) = postSolution
		{A6437F06-6295-403A-84B5-FE537585CAE0}.Debug|Any CPU.ActiveCfg = Debug|Any CPU
		{A6437F06-6295-403A-84B5-FE537585CAE0}.Debug|Any CPU.Build.0 = Debug|Any CPU
		{A6437F06-6295-403A-84B5-FE537585CAE0}.Release|Any CPU.ActiveCfg = Release|Any CPU
		{A6437F06-6295-403A-84B5-FE537585CAE0}.Release|Any CPU.Build.0 = Release|Any CPU
		{B0DEC5A5-F1E7-4D91-A90E-E3F372106374}.Debug|Any CPU.ActiveCfg = Debug|Any CPU
		{B0DEC5A5-F1E7-4D91-A90E-E3F372106374}.Debug|Any CPU.Build.0 = Debug|Any CPU
		{B0DEC5A5-F1E7-4D91-A90E-E3F372106374}.Release|Any CPU.ActiveCfg = Release|Any CPU
		{B0DEC5A5-F1E7-4D91-A90E-E3F372106374}.Release|Any CPU.Build.0 = Release|Any CPU
	EndGlobalSection
	GlobalSection(SolutionProperties) = preSolution
		HideSolutionNode = FALSE
	EndGlobalSection
	GlobalSection(ExtensibilityGlobals) = postSolution
		SolutionGuid = {99FE24F2-7F39-457D-B5CE-1CDC745CBFCC}
	EndGlobalSection
EndGlobal
